// !$*UTF8*$!
{
	archiveVersion = 1;
	classes = {
	};
	objectVersion = 56;
	objects = {

/* Begin PBXBuildFile section */
		A37A99492A7E1C9900FD54CA /* AppDelegate.swift in Sources */ = {isa = PBXBuildFile; fileRef = A37A99482A7E1C9900FD54CA /* AppDelegate.swift */; };
		A37A994B2A7E1C9900FD54CA /* SceneDelegate.swift in Sources */ = {isa = PBXBuildFile; fileRef = A37A994A2A7E1C9900FD54CA /* SceneDelegate.swift */; };
		A37A994D2A7E1C9900FD54CA /* ViewController.swift in Sources */ = {isa = PBXBuildFile; fileRef = A37A994C2A7E1C9900FD54CA /* ViewController.swift */; };
		A37A99502A7E1C9900FD54CA /* Main.storyboard in Resources */ = {isa = PBXBuildFile; fileRef = A37A994E2A7E1C9900FD54CA /* Main.storyboard */; };
		A37A99522A7E1C9A00FD54CA /* Assets.xcassets in Resources */ = {isa = PBXBuildFile; fileRef = A37A99512A7E1C9A00FD54CA /* Assets.xcassets */; };
		A37A99552A7E1C9A00FD54CA /* LaunchScreen.storyboard in Resources */ = {isa = PBXBuildFile; fileRef = A37A99532A7E1C9A00FD54CA /* LaunchScreen.storyboard */; };
		A37A99602A7E1C9A00FD54CA /* MoviePlayerTests.swift in Sources */ = {isa = PBXBuildFile; fileRef = A37A995F2A7E1C9A00FD54CA /* MoviePlayerTests.swift */; };
		A37A996A2A7E1C9B00FD54CA /* MoviePlayerUITests.swift in Sources */ = {isa = PBXBuildFile; fileRef = A37A99692A7E1C9B00FD54CA /* MoviePlayerUITests.swift */; };
		A37A996C2A7E1C9B00FD54CA /* MoviePlayerUITestsLaunchTests.swift in Sources */ = {isa = PBXBuildFile; fileRef = A37A996B2A7E1C9B00FD54CA /* MoviePlayerUITestsLaunchTests.swift */; };
/* End PBXBuildFile section */

/* Begin PBXContainerItemProxy section */
		A37A995C2A7E1C9A00FD54CA /* PBXContainerItemProxy */ = {
			isa = PBXContainerItemProxy;
			containerPortal = A37A993D2A7E1C9900FD54CA /* Project object */;
			proxyType = 1;
			remoteGlobalIDString = A37A99442A7E1C9900FD54CA;
			remoteInfo = MoviePlayer;
		};
		A37A99662A7E1C9B00FD54CA /* PBXContainerItemProxy */ = {
			isa = PBXContainerItemProxy;
			containerPortal = A37A993D2A7E1C9900FD54CA /* Project object */;
			proxyType = 1;
			remoteGlobalIDString = A37A99442A7E1C9900FD54CA;
			remoteInfo = MoviePlayer;
		};
/* End PBXContainerItemProxy section */

/* Begin PBXFileReference section */
		A37A99452A7E1C9900FD54CA /* MoviePlayer.app */ = {isa = PBXFileReference; explicitFileType = wrapper.application; includeInIndex = 0; path = MoviePlayer.app; sourceTree = BUILT_PRODUCTS_DIR; };
		A37A99482A7E1C9900FD54CA /* AppDelegate.swift */ = {isa = PBXFileReference; lastKnownFileType = sourcecode.swift; path = AppDelegate.swift; sourceTree = "<group>"; };
		A37A994A2A7E1C9900FD54CA /* SceneDelegate.swift */ = {isa = PBXFileReference; lastKnownFileType = sourcecode.swift; path = SceneDelegate.swift; sourceTree = "<group>"; };
		A37A994C2A7E1C9900FD54CA /* ViewController.swift */ = {isa = PBXFileReference; lastKnownFileType = sourcecode.swift; path = ViewController.swift; sourceTree = "<group>"; };
		A37A994F2A7E1C9900FD54CA /* Base */ = {isa = PBXFileReference; lastKnownFileType = file.storyboard; name = Base; path = Base.lproj/Main.storyboard; sourceTree = "<group>"; };
		A37A99512A7E1C9A00FD54CA /* Assets.xcassets */ = {isa = PBXFileReference; lastKnownFileType = folder.assetcatalog; path = Assets.xcassets; sourceTree = "<group>"; };
		A37A99542A7E1C9A00FD54CA /* Base */ = {isa = PBXFileReference; lastKnownFileType = file.storyboard; name = Base; path = Base.lproj/LaunchScreen.storyboard; sourceTree = "<group>"; };
		A37A99562A7E1C9A00FD54CA /* Info.plist */ = {isa = PBXFileReference; lastKnownFileType = text.plist.xml; path = Info.plist; sourceTree = "<group>"; };
		A37A995B2A7E1C9A00FD54CA /* MoviePlayerTests.xctest */ = {isa = PBXFileReference; explicitFileType = wrapper.cfbundle; includeInIndex = 0; path = MoviePlayerTests.xctest; sourceTree = BUILT_PRODUCTS_DIR; };
		A37A995F2A7E1C9A00FD54CA /* MoviePlayerTests.swift */ = {isa = PBXFileReference; lastKnownFileType = sourcecode.swift; path = MoviePlayerTests.swift; sourceTree = "<group>"; };
		A37A99652A7E1C9B00FD54CA /* MoviePlayerUITests.xctest */ = {isa = PBXFileReference; explicitFileType = wrapper.cfbundle; includeInIndex = 0; path = MoviePlayerUITests.xctest; sourceTree = BUILT_PRODUCTS_DIR; };
		A37A99692A7E1C9B00FD54CA /* MoviePlayerUITests.swift */ = {isa = PBXFileReference; lastKnownFileType = sourcecode.swift; path = MoviePlayerUITests.swift; sourceTree = "<group>"; };
		A37A996B2A7E1C9B00FD54CA /* MoviePlayerUITestsLaunchTests.swift */ = {isa = PBXFileReference; lastKnownFileType = sourcecode.swift; path = MoviePlayerUITestsLaunchTests.swift; sourceTree = "<group>"; };
/* End PBXFileReference section */

/* Begin PBXFrameworksBuildPhase section */
		A37A99422A7E1C9900FD54CA /* Frameworks */ = {
			isa = PBXFrameworksBuildPhase;
			buildActionMask = 2147483647;
			files = (
			);
			runOnlyForDeploymentPostprocessing = 0;
		};
		A37A99582A7E1C9A00FD54CA /* Frameworks */ = {
			isa = PBXFrameworksBuildPhase;
			buildActionMask = 2147483647;
			files = (
			);
			runOnlyForDeploymentPostprocessing = 0;
		};
		A37A99622A7E1C9B00FD54CA /* Frameworks */ = {
			isa = PBXFrameworksBuildPhase;
			buildActionMask = 2147483647;
			files = (
			);
			runOnlyForDeploymentPostprocessing = 0;
		};
/* End PBXFrameworksBuildPhase section */

/* Begin PBXGroup section */
		A37A993C2A7E1C9900FD54CA = {
			isa = PBXGroup;
			children = (
				A37A99472A7E1C9900FD54CA /* MoviePlayer */,
				A37A995E2A7E1C9A00FD54CA /* MoviePlayerTests */,
				A37A99682A7E1C9B00FD54CA /* MoviePlayerUITests */,
				A37A99462A7E1C9900FD54CA /* Products */,
			);
			sourceTree = "<group>";
		};
		A37A99462A7E1C9900FD54CA /* Products */ = {
			isa = PBXGroup;
			children = (
				A37A99452A7E1C9900FD54CA /* MoviePlayer.app */,
				A37A995B2A7E1C9A00FD54CA /* MoviePlayerTests.xctest */,
				A37A99652A7E1C9B00FD54CA /* MoviePlayerUITests.xctest */,
			);
			name = Products;
			sourceTree = "<group>";
		};
		A37A99472A7E1C9900FD54CA /* MoviePlayer */ = {
			isa = PBXGroup;
			children = (
				A37A99482A7E1C9900FD54CA /* AppDelegate.swift */,
				A37A994A2A7E1C9900FD54CA /* SceneDelegate.swift */,
				A37A994C2A7E1C9900FD54CA /* ViewController.swift */,
				A37A994E2A7E1C9900FD54CA /* Main.storyboard */,
				A37A99512A7E1C9A00FD54CA /* Assets.xcassets */,
				A37A99532A7E1C9A00FD54CA /* LaunchScreen.storyboard */,
				A37A99562A7E1C9A00FD54CA /* Info.plist */,
			);
			path = MoviePlayer;
			sourceTree = "<group>";
		};
		A37A995E2A7E1C9A00FD54CA /* MoviePlayerTests */ = {
			isa = PBXGroup;
			children = (
				A37A995F2A7E1C9A00FD54CA /* MoviePlayerTests.swift */,
			);
			path = MoviePlayerTests;
			sourceTree = "<group>";
		};
		A37A99682A7E1C9B00FD54CA /* MoviePlayerUITests */ = {
			isa = PBXGroup;
			children = (
				A37A99692A7E1C9B00FD54CA /* MoviePlayerUITests.swift */,
				A37A996B2A7E1C9B00FD54CA /* MoviePlayerUITestsLaunchTests.swift */,
			);
			path = MoviePlayerUITests;
			sourceTree = "<group>";
		};
/* End PBXGroup section */

/* Begin PBXNativeTarget section */
		A37A99442A7E1C9900FD54CA /* MoviePlayer */ = {
			isa = PBXNativeTarget;
			buildConfigurationList = A37A996F2A7E1C9B00FD54CA /* Build configuration list for PBXNativeTarget "MoviePlayer" */;
			buildPhases = (
				A37A99412A7E1C9900FD54CA /* Sources */,
				A37A99422A7E1C9900FD54CA /* Frameworks */,
				A37A99432A7E1C9900FD54CA /* Resources */,
			);
			buildRules = (
			);
			dependencies = (
			);
			name = MoviePlayer;
			productName = MoviePlayer;
			productReference = A37A99452A7E1C9900FD54CA /* MoviePlayer.app */;
			productType = "com.apple.product-type.application";
		};
		A37A995A2A7E1C9A00FD54CA /* MoviePlayerTests */ = {
			isa = PBXNativeTarget;
			buildConfigurationList = A37A99722A7E1C9B00FD54CA /* Build configuration list for PBXNativeTarget "MoviePlayerTests" */;
			buildPhases = (
				A37A99572A7E1C9A00FD54CA /* Sources */,
				A37A99582A7E1C9A00FD54CA /* Frameworks */,
				A37A99592A7E1C9A00FD54CA /* Resources */,
			);
			buildRules = (
			);
			dependencies = (
				A37A995D2A7E1C9A00FD54CA /* PBXTargetDependency */,
			);
			name = MoviePlayerTests;
			productName = MoviePlayerTests;
			productReference = A37A995B2A7E1C9A00FD54CA /* MoviePlayerTests.xctest */;
			productType = "com.apple.product-type.bundle.unit-test";
		};
		A37A99642A7E1C9B00FD54CA /* MoviePlayerUITests */ = {
			isa = PBXNativeTarget;
			buildConfigurationList = A37A99752A7E1C9B00FD54CA /* Build configuration list for PBXNativeTarget "MoviePlayerUITests" */;
			buildPhases = (
				A37A99612A7E1C9B00FD54CA /* Sources */,
				A37A99622A7E1C9B00FD54CA /* Frameworks */,
				A37A99632A7E1C9B00FD54CA /* Resources */,
			);
			buildRules = (
			);
			dependencies = (
				A37A99672A7E1C9B00FD54CA /* PBXTargetDependency */,
			);
			name = MoviePlayerUITests;
			productName = MoviePlayerUITests;
			productReference = A37A99652A7E1C9B00FD54CA /* MoviePlayerUITests.xctest */;
			productType = "com.apple.product-type.bundle.ui-testing";
		};
/* End PBXNativeTarget section */

/* Begin PBXProject section */
		A37A993D2A7E1C9900FD54CA /* Project object */ = {
			isa = PBXProject;
			attributes = {
				BuildIndependentTargetsInParallel = 1;
				LastSwiftUpdateCheck = 1420;
				LastUpgradeCheck = 1420;
				TargetAttributes = {
					A37A99442A7E1C9900FD54CA = {
						CreatedOnToolsVersion = 14.2;
					};
					A37A995A2A7E1C9A00FD54CA = {
						CreatedOnToolsVersion = 14.2;
						TestTargetID = A37A99442A7E1C9900FD54CA;
					};
					A37A99642A7E1C9B00FD54CA = {
						CreatedOnToolsVersion = 14.2;
						TestTargetID = A37A99442A7E1C9900FD54CA;
					};
				};
			};
			buildConfigurationList = A37A99402A7E1C9900FD54CA /* Build configuration list for PBXProject "MoviePlayer" */;
			compatibilityVersion = "Xcode 14.0";
			developmentRegion = en;
			hasScannedForEncodings = 0;
			knownRegions = (
				en,
				Base,
			);
			mainGroup = A37A993C2A7E1C9900FD54CA;
			productRefGroup = A37A99462A7E1C9900FD54CA /* Products */;
			projectDirPath = "";
			projectRoot = "";
			targets = (
				A37A99442A7E1C9900FD54CA /* MoviePlayer */,
				A37A995A2A7E1C9A00FD54CA /* MoviePlayerTests */,
				A37A99642A7E1C9B00FD54CA /* MoviePlayerUITests */,
			);
		};
/* End PBXProject section */

/* Begin PBXResourcesBuildPhase section */
		A37A99432A7E1C9900FD54CA /* Resources */ = {
			isa = PBXResourcesBuildPhase;
			buildActionMask = 2147483647;
			files = (
				A37A99552A7E1C9A00FD54CA /* LaunchScreen.storyboard in Resources */,
				A37A99522A7E1C9A00FD54CA /* Assets.xcassets in Resources */,
				A37A99502A7E1C9900FD54CA /* Main.storyboard in Resources */,
			);
			runOnlyForDeploymentPostprocessing = 0;
		};
		A37A99592A7E1C9A00FD54CA /* Resources */ = {
			isa = PBXResourcesBuildPhase;
			buildActionMask = 2147483647;
			files = (
			);
			runOnlyForDeploymentPostprocessing = 0;
		};
		A37A99632A7E1C9B00FD54CA /* Resources */ = {
			isa = PBXResourcesBuildPhase;
			buildActionMask = 2147483647;
			files = (
			);
			runOnlyForDeploymentPostprocessing = 0;
		};
/* End PBXResourcesBuildPhase section */

/* Begin PBXSourcesBuildPhase section */
		A37A99412A7E1C9900FD54CA /* Sources */ = {
			isa = PBXSourcesBuildPhase;
			buildActionMask = 2147483647;
			files = (
				A37A994D2A7E1C9900FD54CA /* ViewController.swift in Sources */,
				A37A99492A7E1C9900FD54CA /* AppDelegate.swift in Sources */,
				A37A994B2A7E1C9900FD54CA /* SceneDelegate.swift in Sources */,
			);
			runOnlyForDeploymentPostprocessing = 0;
		};
		A37A99572A7E1C9A00FD54CA /* Sources */ = {
			isa = PBXSourcesBuildPhase;
			buildActionMask = 2147483647;
			files = (
				A37A99602A7E1C9A00FD54CA /* MoviePlayerTests.swift in Sources */,
			);
			runOnlyForDeploymentPostprocessing = 0;
		};
		A37A99612A7E1C9B00FD54CA /* Sources */ = {
			isa = PBXSourcesBuildPhase;
			buildActionMask = 2147483647;
			files = (
				A37A996C2A7E1C9B00FD54CA /* MoviePlayerUITestsLaunchTests.swift in Sources */,
				A37A996A2A7E1C9B00FD54CA /* MoviePlayerUITests.swift in Sources */,
			);
			runOnlyForDeploymentPostprocessing = 0;
		};
/* End PBXSourcesBuildPhase section */

/* Begin PBXTargetDependency section */
		A37A995D2A7E1C9A00FD54CA /* PBXTargetDependency */ = {
			isa = PBXTargetDependency;
			target = A37A99442A7E1C9900FD54CA /* MoviePlayer */;
			targetProxy = A37A995C2A7E1C9A00FD54CA /* PBXContainerItemProxy */;
		};
		A37A99672A7E1C9B00FD54CA /* PBXTargetDependency */ = {
			isa = PBXTargetDependency;
			target = A37A99442A7E1C9900FD54CA /* MoviePlayer */;
			targetProxy = A37A99662A7E1C9B00FD54CA /* PBXContainerItemProxy */;
		};
/* End PBXTargetDependency section */

/* Begin PBXVariantGroup section */
		A37A994E2A7E1C9900FD54CA /* Main.storyboard */ = {
			isa = PBXVariantGroup;
			children = (
				A37A994F2A7E1C9900FD54CA /* Base */,
			);
			name = Main.storyboard;
			sourceTree = "<group>";
		};
		A37A99532A7E1C9A00FD54CA /* LaunchScreen.storyboard */ = {
			isa = PBXVariantGroup;
			children = (
				A37A99542A7E1C9A00FD54CA /* Base */,
			);
			name = LaunchScreen.storyboard;
			sourceTree = "<group>";
		};
/* End PBXVariantGroup section */

/* Begin XCBuildConfiguration section */
		A37A996D2A7E1C9B00FD54CA /* Debug */ = {
			isa = XCBuildConfiguration;
			buildSettings = {
				ALWAYS_SEARCH_USER_PATHS = NO;
				CLANG_ANALYZER_NONNULL = YES;
				CLANG_ANALYZER_NUMBER_OBJECT_CONVERSION = YES_AGGRESSIVE;
				CLANG_CXX_LANGUAGE_STANDARD = "gnu++20";
				CLANG_ENABLE_MODULES = YES;
				CLANG_ENABLE_OBJC_ARC = YES;
				CLANG_ENABLE_OBJC_WEAK = YES;
				CLANG_WARN_BLOCK_CAPTURE_AUTORELEASING = YES;
				CLANG_WARN_BOOL_CONVERSION = YES;
				CLANG_WARN_COMMA = YES;
				CLANG_WARN_CONSTANT_CONVERSION = YES;
				CLANG_WARN_DEPRECATED_OBJC_IMPLEMENTATIONS = YES;
				CLANG_WARN_DIRECT_OBJC_ISA_USAGE = YES_ERROR;
				CLANG_WARN_DOCUMENTATION_COMMENTS = YES;
				CLANG_WARN_EMPTY_BODY = YES;
				CLANG_WARN_ENUM_CONVERSION = YES;
				CLANG_WARN_INFINITE_RECURSION = YES;
				CLANG_WARN_INT_CONVERSION = YES;
				CLANG_WARN_NON_LITERAL_NULL_CONVERSION = YES;
				CLANG_WARN_OBJC_IMPLICIT_RETAIN_SELF = YES;
				CLANG_WARN_OBJC_LITERAL_CONVERSION = YES;
				CLANG_WARN_OBJC_ROOT_CLASS = YES_ERROR;
				CLANG_WARN_QUOTED_INCLUDE_IN_FRAMEWORK_HEADER = YES;
				CLANG_WARN_RANGE_LOOP_ANALYSIS = YES;
				CLANG_WARN_STRICT_PROTOTYPES = YES;
				CLANG_WARN_SUSPICIOUS_MOVE = YES;
				CLANG_WARN_UNGUARDED_AVAILABILITY = YES_AGGRESSIVE;
				CLANG_WARN_UNREACHABLE_CODE = YES;
				CLANG_WARN__DUPLICATE_METHOD_MATCH = YES;
				COPY_PHASE_STRIP = NO;
				DEBUG_INFORMATION_FORMAT = dwarf;
				ENABLE_STRICT_OBJC_MSGSEND = YES;
				ENABLE_TESTABILITY = YES;
				GCC_C_LANGUAGE_STANDARD = gnu11;
				GCC_DYNAMIC_NO_PIC = NO;
				GCC_NO_COMMON_BLOCKS = YES;
				GCC_OPTIMIZATION_LEVEL = 0;
				GCC_PREPROCESSOR_DEFINITIONS = (
					"DEBUG=1",
					"$(inherited)",
				);
				GCC_WARN_64_TO_32_BIT_CONVERSION = YES;
				GCC_WARN_ABOUT_RETURN_TYPE = YES_ERROR;
				GCC_WARN_UNDECLARED_SELECTOR = YES;
				GCC_WARN_UNINITIALIZED_AUTOS = YES_AGGRESSIVE;
				GCC_WARN_UNUSED_FUNCTION = YES;
				GCC_WARN_UNUSED_VARIABLE = YES;
				IPHONEOS_DEPLOYMENT_TARGET = 16.2;
				MTL_ENABLE_DEBUG_INFO = INCLUDE_SOURCE;
				MTL_FAST_MATH = YES;
				ONLY_ACTIVE_ARCH = YES;
				SDKROOT = iphoneos;
				SWIFT_ACTIVE_COMPILATION_CONDITIONS = DEBUG;
				SWIFT_OPTIMIZATION_LEVEL = "-Onone";
			};
			name = Debug;
		};
		A37A996E2A7E1C9B00FD54CA /* Release */ = {
			isa = XCBuildConfiguration;
			buildSettings = {
				ALWAYS_SEARCH_USER_PATHS = NO;
				CLANG_ANALYZER_NONNULL = YES;
				CLANG_ANALYZER_NUMBER_OBJECT_CONVERSION = YES_AGGRESSIVE;
				CLANG_CXX_LANGUAGE_STANDARD = "gnu++20";
				CLANG_ENABLE_MODULES = YES;
				CLANG_ENABLE_OBJC_ARC = YES;
				CLANG_ENABLE_OBJC_WEAK = YES;
				CLANG_WARN_BLOCK_CAPTURE_AUTORELEASING = YES;
				CLANG_WARN_BOOL_CONVERSION = YES;
				CLANG_WARN_COMMA = YES;
				CLANG_WARN_CONSTANT_CONVERSION = YES;
				CLANG_WARN_DEPRECATED_OBJC_IMPLEMENTATIONS = YES;
				CLANG_WARN_DIRECT_OBJC_ISA_USAGE = YES_ERROR;
				CLANG_WARN_DOCUMENTATION_COMMENTS = YES;
				CLANG_WARN_EMPTY_BODY = YES;
				CLANG_WARN_ENUM_CONVERSION = YES;
				CLANG_WARN_INFINITE_RECURSION = YES;
				CLANG_WARN_INT_CONVERSION = YES;
				CLANG_WARN_NON_LITERAL_NULL_CONVERSION = YES;
				CLANG_WARN_OBJC_IMPLICIT_RETAIN_SELF = YES;
				CLANG_WARN_OBJC_LITERAL_CONVERSION = YES;
				CLANG_WARN_OBJC_ROOT_CLASS = YES_ERROR;
				CLANG_WARN_QUOTED_INCLUDE_IN_FRAMEWORK_HEADER = YES;
				CLANG_WARN_RANGE_LOOP_ANALYSIS = YES;
				CLANG_WARN_STRICT_PROTOTYPES = YES;
				CLANG_WARN_SUSPICIOUS_MOVE = YES;
				CLANG_WARN_UNGUARDED_AVAILABILITY = YES_AGGRESSIVE;
				CLANG_WARN_UNREACHABLE_CODE = YES;
				CLANG_WARN__DUPLICATE_METHOD_MATCH = YES;
				COPY_PHASE_STRIP = NO;
				DEBUG_INFORMATION_FORMAT = "dwarf-with-dsym";
				ENABLE_NS_ASSERTIONS = NO;
				ENABLE_STRICT_OBJC_MSGSEND = YES;
				GCC_C_LANGUAGE_STANDARD = gnu11;
				GCC_NO_COMMON_BLOCKS = YES;
				GCC_WARN_64_TO_32_BIT_CONVERSION = YES;
				GCC_WARN_ABOUT_RETURN_TYPE = YES_ERROR;
				GCC_WARN_UNDECLARED_SELECTOR = YES;
				GCC_WARN_UNINITIALIZED_AUTOS = YES_AGGRESSIVE;
				GCC_WARN_UNUSED_FUNCTION = YES;
				GCC_WARN_UNUSED_VARIABLE = YES;
				IPHONEOS_DEPLOYMENT_TARGET = 16.2;
				MTL_ENABLE_DEBUG_INFO = NO;
				MTL_FAST_MATH = YES;
				SDKROOT = iphoneos;
				SWIFT_COMPILATION_MODE = wholemodule;
				SWIFT_OPTIMIZATION_LEVEL = "-O";
				VALIDATE_PRODUCT = YES;
			};
			name = Release;
		};
		A37A99702A7E1C9B00FD54CA /* Debug */ = {
			isa = XCBuildConfiguration;
			buildSettings = {
				ASSETCATALOG_COMPILER_APPICON_NAME = AppIcon;
				ASSETCATALOG_COMPILER_GLOBAL_ACCENT_COLOR_NAME = AccentColor;
				CODE_SIGN_STYLE = Automatic;
				CURRENT_PROJECT_VERSION = 1;
				GENERATE_INFOPLIST_FILE = YES;
				INFOPLIST_FILE = MoviePlayer/Info.plist;
				INFOPLIST_KEY_UIApplicationSupportsIndirectInputEvents = YES;
				INFOPLIST_KEY_UILaunchStoryboardName = LaunchScreen;
				INFOPLIST_KEY_UIMainStoryboardFile = Main;
				INFOPLIST_KEY_UISupportedInterfaceOrientations_iPad = "UIInterfaceOrientationPortrait UIInterfaceOrientationPortraitUpsideDown UIInterfaceOrientationLandscapeLeft UIInterfaceOrientationLandscapeRight";
				INFOPLIST_KEY_UISupportedInterfaceOrientations_iPhone = "UIInterfaceOrientationPortrait UIInterfaceOrientationLandscapeLeft UIInterfaceOrientationLandscapeRight";
				LD_RUNPATH_SEARCH_PATHS = (
					"$(inherited)",
					"@executable_path/Frameworks",
				);
				MARKETING_VERSION = 1.0;
				PRODUCT_BUNDLE_IDENTIFIER = com.iosswift.MoviePlayer;
				PRODUCT_NAME = "$(TARGET_NAME)";
				SWIFT_EMIT_LOC_STRINGS = YES;
				SWIFT_VERSION = 5.0;
				TARGETED_DEVICE_FAMILY = "1,2";
			};
			name = Debug;
		};
		A37A99712A7E1C9B00FD54CA /* Release */ = {
			isa = XCBuildConfiguration;
			buildSettings = {
				ASSETCATALOG_COMPILER_APPICON_NAME = AppIcon;
				ASSETCATALOG_COMPILER_GLOBAL_ACCENT_COLOR_NAME = AccentColor;
				CODE_SIGN_STYLE = Automatic;
				CURRENT_PROJECT_VERSION = 1;
				GENERATE_INFOPLIST_FILE = YES;
				INFOPLIST_FILE = MoviePlayer/Info.plist;
				INFOPLIST_KEY_UIApplicationSupportsIndirectInputEvents = YES;
				INFOPLIST_KEY_UILaunchStoryboardName = LaunchScreen;
				INFOPLIST_KEY_UIMainStoryboardFile = Main;
				INFOPLIST_KEY_UISupportedInterfaceOrientations_iPad = "UIInterfaceOrientationPortrait UIInterfaceOrientationPortraitUpsideDown UIInterfaceOrientationLandscapeLeft UIInterfaceOrientationLandscapeRight";
				INFOPLIST_KEY_UISupportedInterfaceOrientations_iPhone = "UIInterfaceOrientationPortrait UIInterfaceOrientationLandscapeLeft UIInterfaceOrientationLandscapeRight";
				LD_RUNPATH_SEARCH_PATHS = (
					"$(inherited)",
					"@executable_path/Frameworks",
				);
				MARKETING_VERSION = 1.0;
				PRODUCT_BUNDLE_IDENTIFIER = com.iosswift.MoviePlayer;
				PRODUCT_NAME = "$(TARGET_NAME)";
				SWIFT_EMIT_LOC_STRINGS = YES;
				SWIFT_VERSION = 5.0;
				TARGETED_DEVICE_FAMILY = "1,2";
			};
			name = Release;
		};
		A37A99732A7E1C9B00FD54CA /* Debug */ = {
			isa = XCBuildConfiguration;
			buildSettings = {
				ALWAYS_EMBED_SWIFT_STANDARD_LIBRARIES = YES;
				BUNDLE_LOADER = "$(TEST_HOST)";
				CODE_SIGN_STYLE = Automatic;
				CURRENT_PROJECT_VERSION = 1;
				GENERATE_INFOPLIST_FILE = YES;
				IPHONEOS_DEPLOYMENT_TARGET = 16.2;
				MARKETING_VERSION = 1.0;
				PRODUCT_BUNDLE_IDENTIFIER = com.iosswift.MoviePlayerTests;
				PRODUCT_NAME = "$(TARGET_NAME)";
				SWIFT_EMIT_LOC_STRINGS = NO;
				SWIFT_VERSION = 5.0;
				TARGETED_DEVICE_FAMILY = "1,2";
				TEST_HOST = "$(BUILT_PRODUCTS_DIR)/MoviePlayer.app/$(BUNDLE_EXECUTABLE_FOLDER_PATH)/MoviePlayer";
			};
			name = Debug;
		};
		A37A99742A7E1C9B00FD54CA /* Release */ = {
			isa = XCBuildConfiguration;
			buildSettings = {
				ALWAYS_EMBED_SWIFT_STANDARD_LIBRARIES = YES;
				BUNDLE_LOADER = "$(TEST_HOST)";
				CODE_SIGN_STYLE = Automatic;
				CURRENT_PROJECT_VERSION = 1;
				GENERATE_INFOPLIST_FILE = YES;
				IPHONEOS_DEPLOYMENT_TARGET = 16.2;
				MARKETING_VERSION = 1.0;
				PRODUCT_BUNDLE_IDENTIFIER = com.iosswift.MoviePlayerTests;
				PRODUCT_NAME = "$(TARGET_NAME)";
				SWIFT_EMIT_LOC_STRINGS = NO;
				SWIFT_VERSION = 5.0;
				TARGETED_DEVICE_FAMILY = "1,2";
				TEST_HOST = "$(BUILT_PRODUCTS_DIR)/MoviePlayer.app/$(BUNDLE_EXECUTABLE_FOLDER_PATH)/MoviePlayer";
			};
			name = Release;
		};
		A37A99762A7E1C9B00FD54CA /* Debug */ = {
			isa = XCBuildConfiguration;
			buildSettings = {
				ALWAYS_EMBED_SWIFT_STANDARD_LIBRARIES = YES;
				CODE_SIGN_STYLE = Automatic;
				CURRENT_PROJECT_VERSION = 1;
				GENERATE_INFOPLIST_FILE = YES;
				MARKETING_VERSION = 1.0;
				PRODUCT_BUNDLE_IDENTIFIER = com.iosswift.MoviePlayerUITests;
				PRODUCT_NAME = "$(TARGET_NAME)";
				SWIFT_EMIT_LOC_STRINGS = NO;
				SWIFT_VERSION = 5.0;
				TARGETED_DEVICE_FAMILY = "1,2";
				TEST_TARGET_NAME = MoviePlayer;
			};
			name = Debug;
		};
		A37A99772A7E1C9B00FD54CA /* Release */ = {
			isa = XCBuildConfiguration;
			buildSettings = {
				ALWAYS_EMBED_SWIFT_STANDARD_LIBRARIES = YES;
				CODE_SIGN_STYLE = Automatic;
				CURRENT_PROJECT_VERSION = 1;
				GENERATE_INFOPLIST_FILE = YES;
				MARKETING_VERSION = 1.0;
				PRODUCT_BUNDLE_IDENTIFIER = com.iosswift.MoviePlayerUITests;
				PRODUCT_NAME = "$(TARGET_NAME)";
				SWIFT_EMIT_LOC_STRINGS = NO;
				SWIFT_VERSION = 5.0;
				TARGETED_DEVICE_FAMILY = "1,2";
				TEST_TARGET_NAME = MoviePlayer;
			};
			name = Release;
		};
/* End XCBuildConfiguration section */

/* Begin XCConfigurationList section */
		A37A99402A7E1C9900FD54CA /* Build configuration list for PBXProject "MoviePlayer" */ = {
			isa = XCConfigurationList;
			buildConfigurations = (
				A37A996D2A7E1C9B00FD54CA /* Debug */,
				A37A996E2A7E1C9B00FD54CA /* Release */,
			);
			defaultConfigurationIsVisible = 0;
			defaultConfigurationName = Release;
		};
		A37A996F2A7E1C9B00FD54CA /* Build configuration list for PBXNativeTarget "MoviePlayer" */ = {
			isa = XCConfigurationList;
			buildConfigurations = (
				A37A99702A7E1C9B00FD54CA /* Debug */,
				A37A99712A7E1C9B00FD54CA /* Release */,
			);
			defaultConfigurationIsVisible = 0;
			defaultConfigurationName = Release;
		};
		A37A99722A7E1C9B00FD54CA /* Build configuration list for PBXNativeTarget "MoviePlayerTests" */ = {
			isa = XCConfigurationList;
			buildConfigurations = (
				A37A99732A7E1C9B00FD54CA /* Debug */,
				A37A99742A7E1C9B00FD54CA /* Release */,
			);
			defaultConfigurationIsVisible = 0;
			defaultConfigurationName = Release;
		};
		A37A99752A7E1C9B00FD54CA /* Build configuration list for PBXNativeTarget "MoviePlayerUITests" */ = {
			isa = XCConfigurationList;
			buildConfigurations = (
				A37A99762A7E1C9B00FD54CA /* Debug */,
				A37A99772A7E1C9B00FD54CA /* Release */,
			);
			defaultConfigurationIsVisible = 0;
			defaultConfigurationName = Release;
		};
/* End XCConfigurationList section */
	};
	rootObject = A37A993D2A7E1C9900FD54CA /* Project object */;
}
